
Microsoft Visual Studio Solution File, Format Version 12.00
# Visual Studio 15
VisualStudioVersion = 15.0.26403.7
MinimumVisualStudioVersion = 10.0.40219.1
Project("{FAE04EC0-301F-11D3-BF4B-00C04F79EFBC}") = "QKeyMapper", "GuiShellTest\QKeyMapper.csproj", "{8ED81243-A05D-4BED-84FA-47E1385DFA73}"
EndProject
Project("{FAE04EC0-301F-11D3-BF4B-00C04F79EFBC}") = "QMKCGen", "QMKCGen\QMKCGen.csproj", "{53694466-5BD1-4C98-98CC-4BAD1A20FB54}"
EndProject
Global
	GlobalSection(SolutionConfigurationPlatforms) = preSolution
		Debug|Any CPU = Debug|Any CPU
		Release|Any CPU = Release|Any CPU
	EndGlobalSection
	GlobalSection(ProjectConfigurationPlatforms) = postSolution
		{8ED81243-A05D-4BED-84FA-47E1385DFA73}.Debug|Any CPU.ActiveCfg = Debug|Any CPU
		{8ED81243-A05D-4BED-84FA-47E1385DFA73}.Debug|Any CPU.Build.0 = Debug|Any CPU
		{8ED81243-A05D-4BED-84FA-47E1385DFA73}.Release|Any CPU.ActiveCfg = Release|Any CPU
		{8ED81243-A05D-4BED-84FA-47E1385DFA73}.Release|Any CPU.Build.0 = Release|Any CPU
		{53694466-5BD1-4C98-98CC-4BAD1A20FB54}.Debug|Any CPU.ActiveCfg = Debug|Any CPU
		{53694466-5BD1-4C98-98CC-4BAD1A20FB54}.Debug|Any CPU.Build.0 = Debug|Any CPU
		{53694466-5BD1-4C98-98CC-4BAD1A20FB54}.Release|Any CPU.ActiveCfg = Release|Any CPU
		{53694466-5BD1-4C98-98CC-4BAD1A20FB54}.Release|Any CPU.Build.0 = Release|Any CPU
	EndGlobalSection
	GlobalSection(SolutionProperties) = preSolution
		HideSolutionNode = FALSE
	EndGlobalSection
EndGlobal
